cdc-rdc-reset
coverage-closure
emulation-readiness
formal-sva
hw-sw-coverification
lint-synth-closure
low-power-upf
microarchitecture-review
noc-verification
ral-ipxact
regression-triage
rtl-design-review
signoff-audit
soc-integration-verification
spec-to-vplan
subsystem-verification
uvm-agent-builder
uvm-env-architect
vip-qualifier
waveform-debug
